
Microsoft Visual Studio Solution File, Format Version 12.00
# Visual Studio Version 17
VisualStudioVersion = 17.7.34221.43
MinimumVisualStudioVersion = 10.0.40219.1
Project("{FAE04EC0-301F-11D3-BF4B-00C04F79EFBC}") = "QuadraticEquation", "QuadraticEquation\QuadraticEquation.csproj", "{89C05305-DDFF-48BB-93B4-09B39C247D2E}"
EndProject
Project("{FAE04EC0-301F-11D3-BF4B-00C04F79EFBC}") = "PointsAverage", "PointsAverage\PointsAverage.csproj", "{2EC1E1A3-9983-4EE6-832A-B1A842738C64}"
EndProject
Project("{FAE04EC0-301F-11D3-BF4B-00C04F79EFBC}") = "SwitchValues", "SwitchValues\SwitchValues.csproj", "{484EBE2C-677B-426B-B983-30267D6112CE}"
EndProject
Project("{FAE04EC0-301F-11D3-BF4B-00C04F79EFBC}") = "While1", "While1\While1.csproj", "{EB2825DF-3CF9-4137-9D8B-94E05C576004}"
EndProject
Global
	GlobalSection(SolutionConfigurationPlatforms) = preSolution
		Debug|Any CPU = Debug|Any CPU
		Release|Any CPU = Release|Any CPU
	EndGlobalSection
	GlobalSection(ProjectConfigurationPlatforms) = postSolution
		{89C05305-DDFF-48BB-93B4-09B39C247D2E}.Debug|Any CPU.ActiveCfg = Debug|Any CPU
		{89C05305-DDFF-48BB-93B4-09B39C247D2E}.Debug|Any CPU.Build.0 = Debug|Any CPU
		{89C05305-DDFF-48BB-93B4-09B39C247D2E}.Release|Any CPU.ActiveCfg = Release|Any CPU
		{89C05305-DDFF-48BB-93B4-09B39C247D2E}.Release|Any CPU.Build.0 = Release|Any CPU
		{2EC1E1A3-9983-4EE6-832A-B1A842738C64}.Debug|Any CPU.ActiveCfg = Debug|Any CPU
		{2EC1E1A3-9983-4EE6-832A-B1A842738C64}.Debug|Any CPU.Build.0 = Debug|Any CPU
		{2EC1E1A3-9983-4EE6-832A-B1A842738C64}.Release|Any CPU.ActiveCfg = Release|Any CPU
		{2EC1E1A3-9983-4EE6-832A-B1A842738C64}.Release|Any CPU.Build.0 = Release|Any CPU
		{484EBE2C-677B-426B-B983-30267D6112CE}.Debug|Any CPU.ActiveCfg = Debug|Any CPU
		{484EBE2C-677B-426B-B983-30267D6112CE}.Debug|Any CPU.Build.0 = Debug|Any CPU
		{484EBE2C-677B-426B-B983-30267D6112CE}.Release|Any CPU.ActiveCfg = Release|Any CPU
		{484EBE2C-677B-426B-B983-30267D6112CE}.Release|Any CPU.Build.0 = Release|Any CPU
		{EB2825DF-3CF9-4137-9D8B-94E05C576004}.Debug|Any CPU.ActiveCfg = Debug|Any CPU
		{EB2825DF-3CF9-4137-9D8B-94E05C576004}.Debug|Any CPU.Build.0 = Debug|Any CPU
		{EB2825DF-3CF9-4137-9D8B-94E05C576004}.Release|Any CPU.ActiveCfg = Release|Any CPU
		{EB2825DF-3CF9-4137-9D8B-94E05C576004}.Release|Any CPU.Build.0 = Release|Any CPU
	EndGlobalSection
	GlobalSection(SolutionProperties) = preSolution
		HideSolutionNode = FALSE
	EndGlobalSection
	GlobalSection(ExtensibilityGlobals) = postSolution
		SolutionGuid = {AB8DA9CF-591C-4033-8591-8277879A5080}
	EndGlobalSection
EndGlobal
